
Microsoft Visual Studio Solution File, Format Version 12.00
# Visual Studio Version 16
VisualStudioVersion = 16.0.31321.278
MinimumVisualStudioVersion = 10.0.40219.1
Project("{FAE04EC0-301F-11D3-BF4B-00C04F79EFBC}") = "QuanLiNhaHang", "QuanLiNhaHang\QuanLiNhaHang.csproj", "{6F1B3E22-B8F9-4E36-80FC-6393FFDC7850}"
EndProject
Project("{FAE04EC0-301F-11D3-BF4B-00C04F79EFBC}") = "QuanLiNhaHang.Tests", "QuanLiNhaHang.Tests\QuanLiNhaHang.Tests.csproj", "{06BEA1AA-340D-4BB8-BE0F-0B8D56FD39A1}"
EndProject
Global
	GlobalSection(SolutionConfigurationPlatforms) = preSolution
		Debug|Any CPU = Debug|Any CPU
		Release|Any CPU = Release|Any CPU
	EndGlobalSection
	GlobalSection(ProjectConfigurationPlatforms) = postSolution
		{6F1B3E22-B8F9-4E36-80FC-6393FFDC7850}.Debug|Any CPU.ActiveCfg = Debug|Any CPU
		{6F1B3E22-B8F9-4E36-80FC-6393FFDC7850}.Debug|Any CPU.Build.0 = Debug|Any CPU
		{6F1B3E22-B8F9-4E36-80FC-6393FFDC7850}.Release|Any CPU.ActiveCfg = Release|Any CPU
		{6F1B3E22-B8F9-4E36-80FC-6393FFDC7850}.Release|Any CPU.Build.0 = Release|Any CPU
		{06BEA1AA-340D-4BB8-BE0F-0B8D56FD39A1}.Debug|Any CPU.ActiveCfg = Debug|Any CPU
		{06BEA1AA-340D-4BB8-BE0F-0B8D56FD39A1}.Debug|Any CPU.Build.0 = Debug|Any CPU
		{06BEA1AA-340D-4BB8-BE0F-0B8D56FD39A1}.Release|Any CPU.ActiveCfg = Release|Any CPU
		{06BEA1AA-340D-4BB8-BE0F-0B8D56FD39A1}.Release|Any CPU.Build.0 = Release|Any CPU
	EndGlobalSection
	GlobalSection(SolutionProperties) = preSolution
		HideSolutionNode = FALSE
	EndGlobalSection
	GlobalSection(ExtensibilityGlobals) = postSolution
		SolutionGuid = {9AAB1711-75B4-4B3F-A848-144573ED5386}
	EndGlobalSection
EndGlobal
